<?xml version="1.0" encoding="utf-8"?>
<Project ToolsVersion="4.0" xmlns="http://schemas.microsoft.com/developer/msbuild/2003">
  <ItemGroup>
    <Filter Include="Source Files">
      <UniqueIdentifier>{4FC737F1-C7A5-4376-A066-2A32D752A2FF}</UniqueIdentifier>
      <Extensions>cpp;c;cc;cxx;def;odl;idl;hpj;bat;asm;asmx</Extensions>
    </Filter>
    <Filter Include="Header Files">
      <UniqueIdentifier>{93995380-89BD-4b04-88EB-625FBE52EBFB}</UniqueIdentifier>
      <Extensions>h;hh;hpp;hxx;hm;inl;inc;xsd</Extensions>
    </Filter>
    <Filter Include="Resource Files">
      <UniqueIdentifier>{67DA6AB6-F800-4c08-8B7A-83BB121AAD01}</UniqueIdentifier>
      <Extensions>rc;ico;cur;bmp;dlg;rc2;rct;bin;rgs;gif;jpg;jpeg;jpe;resx;tiff;tif;png;wav;mfcribbon-ms</Extensions>
    </Filter>
  </ItemGroup>
  <ItemGroup>
    <ClCompile Include="CluVizLib_StdLib.cpp">
      <Filter>Source Files</Filter>
    </ClCompile>
    <ClCompile Include="dllmain.cpp">
      <Filter>Source Files</Filter>
    </ClCompile>
    <ClCompile Include="Func_Blend.cpp">
      <Filter>Source Files</Filter>
    </ClCompile>
    <ClCompile Include="Func_C2_Algo.cpp">
      <Filter>Source Files</Filter>
    </ClCompile>
    <ClCompile Include="Func_C2_Define.cpp">
      <Filter>Source Files</Filter>
    </ClCompile>
    <ClCompile Include="Func_C2_ErrorProp.cpp">
      <Filter>Source Files</Filter>
    </ClCompile>
    <ClCompile Include="Func_Capture.cpp">
      <Filter>Source Files</Filter>
    </ClCompile>
    <ClCompile Include="Func_ClipPlane.cpp">
      <Filter>Source Files</Filter>
    </ClCompile>
    <ClCompile Include="Func_Color.cpp">
      <Filter>Source Files</Filter>
    </ClCompile>
    <ClCompile Include="Func_Debug.cpp">
      <Filter>Source Files</Filter>
    </ClCompile>
    <ClCompile Include="Func_Draw.cpp">
      <Filter>Source Files</Filter>
    </ClCompile>
    <ClCompile Include="Func_DrawConfig.cpp">
      <Filter>Source Files</Filter>
    </ClCompile>
    <ClCompile Include="Func_E3_Define.cpp">
      <Filter>Source Files</Filter>
    </ClCompile>
    <ClCompile Include="Func_E8_Define.cpp">
      <Filter>Source Files</Filter>
    </ClCompile>
    <ClCompile Include="Func_Environ.cpp">
      <Filter>Source Files</Filter>
    </ClCompile>
    <ClCompile Include="Func_ErrorProp.cpp">
      <Filter>Source Files</Filter>
    </ClCompile>
    <ClCompile Include="Func_File.cpp">
      <Filter>Source Files</Filter>
    </ClCompile>
    <ClCompile Include="Func_Fog.cpp">
      <Filter>Source Files</Filter>
    </ClCompile>
    <ClCompile Include="Func_Frame.cpp">
      <Filter>Source Files</Filter>
    </ClCompile>
    <ClCompile Include="Func_GA.cpp">
      <Filter>Source Files</Filter>
    </ClCompile>
    <ClCompile Include="Func_GLTool.cpp">
      <Filter>Source Files</Filter>
    </ClCompile>
    <ClCompile Include="Func_HTML.cpp">
      <Filter>Source Files</Filter>
    </ClCompile>
    <ClCompile Include="Func_Info.cpp">
      <Filter>Source Files</Filter>
    </ClCompile>
    <ClCompile Include="Func_IO.cpp">
      <Filter>Source Files</Filter>
    </ClCompile>
    <ClCompile Include="Func_Latex.cpp">
      <Filter>Source Files</Filter>
    </ClCompile>
    <ClCompile Include="Func_Light.cpp">
      <Filter>Source Files</Filter>
    </ClCompile>
    <ClCompile Include="Func_List.cpp">
      <Filter>Source Files</Filter>
    </ClCompile>
    <ClCompile Include="Func_Material.cpp">
      <Filter>Source Files</Filter>
    </ClCompile>
    <ClCompile Include="Func_Math.cpp">
      <Filter>Source Files</Filter>
    </ClCompile>
    <ClCompile Include="Func_Matrix.cpp">
      <Filter>Source Files</Filter>
    </ClCompile>
    <ClCompile Include="Func_Mouse.cpp">
      <Filter>Source Files</Filter>
    </ClCompile>
    <ClCompile Include="Func_N3_Define.cpp">
      <Filter>Source Files</Filter>
    </ClCompile>
    <ClCompile Include="Func_N3_ErrorProp.cpp">
      <Filter>Source Files</Filter>
    </ClCompile>
    <ClCompile Include="Func_P3_Define.cpp">
      <Filter>Source Files</Filter>
    </ClCompile>
    <ClCompile Include="Func_Peek.cpp">
      <Filter>Source Files</Filter>
    </ClCompile>
    <ClCompile Include="Func_Process.cpp">
      <Filter>Source Files</Filter>
    </ClCompile>
    <ClCompile Include="Func_Random.cpp">
      <Filter>Source Files</Filter>
    </ClCompile>
    <ClCompile Include="Func_RenderTarget.cpp">
      <Filter>Source Files</Filter>
    </ClCompile>
    <ClCompile Include="Func_Scene.cpp">
      <Filter>Source Files</Filter>
    </ClCompile>
    <ClCompile Include="Func_Serial.cpp">
      <Filter>Source Files</Filter>
    </ClCompile>
    <ClCompile Include="Func_Shader.cpp">
      <Filter>Source Files</Filter>
    </ClCompile>
    <ClCompile Include="Func_String.cpp">
      <Filter>Source Files</Filter>
    </ClCompile>
    <ClCompile Include="Func_Tensor.cpp">
      <Filter>Source Files</Filter>
    </ClCompile>
    <ClCompile Include="Func_Text.cpp">
      <Filter>Source Files</Filter>
    </ClCompile>
    <ClCompile Include="Func_Texture.cpp">
      <Filter>Source Files</Filter>
    </ClCompile>
    <ClCompile Include="Func_Tool.cpp">
      <Filter>Source Files</Filter>
    </ClCompile>
    <ClCompile Include="Func_UnitConversion.cpp">
      <Filter>Source Files</Filter>
    </ClCompile>
    <ClCompile Include="Func_VisConfig.cpp">
      <Filter>Source Files</Filter>
    </ClCompile>
    <ClCompile Include="Func_Visualize.cpp">
      <Filter>Source Files</Filter>
    </ClCompile>
    <ClCompile Include="Func_Window.cpp">
      <Filter>Source Files</Filter>
    </ClCompile>
    <ClCompile Include="stdafx.cpp">
      <Filter>Source Files</Filter>
    </ClCompile>
    <ClCompile Include="OGLButton.cpp">
      <Filter>Source Files</Filter>
    </ClCompile>
    <ClCompile Include="SceneDraw.cpp">
      <Filter>Source Files</Filter>
    </ClCompile>
    <ClCompile Include="Func_Object_Basic.cpp">
      <Filter>Source Files</Filter>
    </ClCompile>
    <ClCompile Include="Func_Object_Form.cpp">
      <Filter>Source Files</Filter>
    </ClCompile>
  </ItemGroup>
  <ItemGroup>
    <None Include="CluVizLib_StdLib.def">
      <Filter>Source Files</Filter>
    </None>
  </ItemGroup>
  <ItemGroup>
    <ClInclude Include="Func_Blend.h">
      <Filter>Header Files</Filter>
    </ClInclude>
    <ClInclude Include="Func_C2_Algo.h">
      <Filter>Header Files</Filter>
    </ClInclude>
    <ClInclude Include="Func_C2_Define.h">
      <Filter>Header Files</Filter>
    </ClInclude>
    <ClInclude Include="Func_C2_ErrorProp.h">
      <Filter>Header Files</Filter>
    </ClInclude>
    <ClInclude Include="Func_Capture.h">
      <Filter>Header Files</Filter>
    </ClInclude>
    <ClInclude Include="Func_ClipPlane.h">
      <Filter>Header Files</Filter>
    </ClInclude>
    <ClInclude Include="Func_Color.h">
      <Filter>Header Files</Filter>
    </ClInclude>
    <ClInclude Include="Func_Debug.h">
      <Filter>Header Files</Filter>
    </ClInclude>
    <ClInclude Include="Func_Draw.h">
      <Filter>Header Files</Filter>
    </ClInclude>
    <ClInclude Include="Func_DrawConfig.h">
      <Filter>Header Files</Filter>
    </ClInclude>
    <ClInclude Include="Func_E3_Define.h">
      <Filter>Header Files</Filter>
    </ClInclude>
    <ClInclude Include="Func_E8_Define.h">
      <Filter>Header Files</Filter>
    </ClInclude>
    <ClInclude Include="Func_Environ.h">
      <Filter>Header Files</Filter>
    </ClInclude>
    <ClInclude Include="Func_ErrorProp.h">
      <Filter>Header Files</Filter>
    </ClInclude>
    <ClInclude Include="Func_File.h">
      <Filter>Header Files</Filter>
    </ClInclude>
    <ClInclude Include="Func_Fog.h">
      <Filter>Header Files</Filter>
    </ClInclude>
    <ClInclude Include="Func_Frame.h">
      <Filter>Header Files</Filter>
    </ClInclude>
    <ClInclude Include="Func_GA.h">
      <Filter>Header Files</Filter>
    </ClInclude>
    <ClInclude Include="Func_GLTool.h">
      <Filter>Header Files</Filter>
    </ClInclude>
    <ClInclude Include="Func_HTML.h">
      <Filter>Header Files</Filter>
    </ClInclude>
    <ClInclude Include="Func_Info.h">
      <Filter>Header Files</Filter>
    </ClInclude>
    <ClInclude Include="Func_IO.h">
      <Filter>Header Files</Filter>
    </ClInclude>
    <ClInclude Include="Func_Latex.h">
      <Filter>Header Files</Filter>
    </ClInclude>
    <ClInclude Include="Func_Light.h">
      <Filter>Header Files</Filter>
    </ClInclude>
    <ClInclude Include="Func_List.h">
      <Filter>Header Files</Filter>
    </ClInclude>
    <ClInclude Include="Func_Material.h">
      <Filter>Header Files</Filter>
    </ClInclude>
    <ClInclude Include="Func_Math.h">
      <Filter>Header Files</Filter>
    </ClInclude>
    <ClInclude Include="Func_Matrix.h">
      <Filter>Header Files</Filter>
    </ClInclude>
    <ClInclude Include="Func_Mouse.h">
      <Filter>Header Files</Filter>
    </ClInclude>
    <ClInclude Include="Func_N3_Define.h">
      <Filter>Header Files</Filter>
    </ClInclude>
    <ClInclude Include="Func_N3_ErrorProp.h">
      <Filter>Header Files</Filter>
    </ClInclude>
    <ClInclude Include="Func_P3_Define.h">
      <Filter>Header Files</Filter>
    </ClInclude>
    <ClInclude Include="Func_Peek.h">
      <Filter>Header Files</Filter>
    </ClInclude>
    <ClInclude Include="Func_Process.h">
      <Filter>Header Files</Filter>
    </ClInclude>
    <ClInclude Include="Func_Random.h">
      <Filter>Header Files</Filter>
    </ClInclude>
    <ClInclude Include="Func_RenderTarget.h">
      <Filter>Header Files</Filter>
    </ClInclude>
    <ClInclude Include="Func_Scene - StdVis.h">
      <Filter>Header Files</Filter>
    </ClInclude>
    <ClInclude Include="Func_Scene.h">
      <Filter>Header Files</Filter>
    </ClInclude>
    <ClInclude Include="Func_Serial.h">
      <Filter>Header Files</Filter>
    </ClInclude>
    <ClInclude Include="Func_Shader.h">
      <Filter>Header Files</Filter>
    </ClInclude>
    <ClInclude Include="Func_String.h">
      <Filter>Header Files</Filter>
    </ClInclude>
    <ClInclude Include="Func_Tensor.h">
      <Filter>Header Files</Filter>
    </ClInclude>
    <ClInclude Include="Func_Text.h">
      <Filter>Header Files</Filter>
    </ClInclude>
    <ClInclude Include="Func_Texture.h">
      <Filter>Header Files</Filter>
    </ClInclude>
    <ClInclude Include="Func_Tool.h">
      <Filter>Header Files</Filter>
    </ClInclude>
    <ClInclude Include="Func_UnitConversion.h">
      <Filter>Header Files</Filter>
    </ClInclude>
    <ClInclude Include="Func_VisConfig.h">
      <Filter>Header Files</Filter>
    </ClInclude>
    <ClInclude Include="Func_Visualize.h">
      <Filter>Header Files</Filter>
    </ClInclude>
    <ClInclude Include="Func_Window.h">
      <Filter>Header Files</Filter>
    </ClInclude>
    <ClInclude Include="resource.h">
      <Filter>Header Files</Filter>
    </ClInclude>
    <ClInclude Include="stdafx.h">
      <Filter>Header Files</Filter>
    </ClInclude>
    <ClInclude Include="targetver.h">
      <Filter>Header Files</Filter>
    </ClInclude>
    <ClInclude Include="FuncDef.h">
      <Filter>Header Files</Filter>
    </ClInclude>
    <ClInclude Include="Func_Object_Basic.h">
      <Filter>Header Files</Filter>
    </ClInclude>
    <ClInclude Include="Func_Object_Form.h">
      <Filter>Header Files</Filter>
    </ClInclude>
    <ClInclude Include="OGLButton.h">
      <Filter>Header Files</Filter>
    </ClInclude>
    <ClInclude Include="SceneDraw.h">
      <Filter>Header Files</Filter>
    </ClInclude>
  </ItemGroup>
  <ItemGroup>
    <Text Include="ReadMe.txt" />
  </ItemGroup>
</Project>